
Microsoft Visual Studio Solution File, Format Version 12.00
# Visual Studio Version 16
VisualStudioVersion = 16.0.29411.108
MinimumVisualStudioVersion = 10.0.40219.1
Project("{9A19103F-16F7-4668-BE54-9A1E7A4F7556}") = "BusinessLogic", "BusinessLogic\BusinessLogic.csproj", "{8F2D8704-3C92-4C45-B06E-C17240DE02FE}"
EndProject
Project("{9A19103F-16F7-4668-BE54-9A1E7A4F7556}") = "Database", "Database\Database.csproj", "{C3E51892-E5AC-4F0D-BF8F-8D9CAF0F71E3}"
EndProject
Project("{FAE04EC0-301F-11D3-BF4B-00C04F79EFBC}") = "WebApplication", "WebApplication\WebApplication.csproj", "{B650C57F-ED15-464A-A5C6-A65E51376E87}"
EndProject
Global
	GlobalSection(SolutionConfigurationPlatforms) = preSolution
		Debug|Any CPU = Debug|Any CPU
		Release|Any CPU = Release|Any CPU
	EndGlobalSection
	GlobalSection(ProjectConfigurationPlatforms) = postSolution
		{8F2D8704-3C92-4C45-B06E-C17240DE02FE}.Debug|Any CPU.ActiveCfg = Debug|Any CPU
		{8F2D8704-3C92-4C45-B06E-C17240DE02FE}.Debug|Any CPU.Build.0 = Debug|Any CPU
		{8F2D8704-3C92-4C45-B06E-C17240DE02FE}.Release|Any CPU.ActiveCfg = Release|Any CPU
		{8F2D8704-3C92-4C45-B06E-C17240DE02FE}.Release|Any CPU.Build.0 = Release|Any CPU
		{C3E51892-E5AC-4F0D-BF8F-8D9CAF0F71E3}.Debug|Any CPU.ActiveCfg = Debug|Any CPU
		{C3E51892-E5AC-4F0D-BF8F-8D9CAF0F71E3}.Debug|Any CPU.Build.0 = Debug|Any CPU
		{C3E51892-E5AC-4F0D-BF8F-8D9CAF0F71E3}.Release|Any CPU.ActiveCfg = Release|Any CPU
		{C3E51892-E5AC-4F0D-BF8F-8D9CAF0F71E3}.Release|Any CPU.Build.0 = Release|Any CPU
		{B650C57F-ED15-464A-A5C6-A65E51376E87}.Debug|Any CPU.ActiveCfg = Debug|Any CPU
		{B650C57F-ED15-464A-A5C6-A65E51376E87}.Debug|Any CPU.Build.0 = Debug|Any CPU
		{B650C57F-ED15-464A-A5C6-A65E51376E87}.Release|Any CPU.ActiveCfg = Release|Any CPU
		{B650C57F-ED15-464A-A5C6-A65E51376E87}.Release|Any CPU.Build.0 = Release|Any CPU
	EndGlobalSection
	GlobalSection(SolutionProperties) = preSolution
		HideSolutionNode = FALSE
	EndGlobalSection
	GlobalSection(ExtensibilityGlobals) = postSolution
		SolutionGuid = {5B7F9A38-873A-45D8-8628-027987A1D752}
	EndGlobalSection
EndGlobal
